
Microsoft Visual Studio Solution File, Format Version 12.00
# Visual Studio Version 16
VisualStudioVersion = 16.0.810.14
MinimumVisualStudioVersion = 10.0.40219.1
Project("{FAE04EC0-301F-11D3-BF4B-00C04F79EFBC}") = "SynelProject", "SynelProject\SynelProject.csproj", "{E4CC4D5C-4FA2-4A64-BE79-48615DFA4ED2}"
EndProject
Project("{E53339B2-1760-4266-BCC7-CA923CBCF16C}") = "docker-compose", "docker-compose.dcproj", "{623CCB47-C2FF-4C0D-BE9A-C41FC8F4DF0E}"
EndProject
Global
	GlobalSection(SolutionConfigurationPlatforms) = preSolution
		Debug|Any CPU = Debug|Any CPU
		Release|Any CPU = Release|Any CPU
	EndGlobalSection
	GlobalSection(ProjectConfigurationPlatforms) = postSolution
		{E4CC4D5C-4FA2-4A64-BE79-48615DFA4ED2}.Debug|Any CPU.ActiveCfg = Debug|Any CPU
		{E4CC4D5C-4FA2-4A64-BE79-48615DFA4ED2}.Debug|Any CPU.Build.0 = Debug|Any CPU
		{E4CC4D5C-4FA2-4A64-BE79-48615DFA4ED2}.Release|Any CPU.ActiveCfg = Release|Any CPU
		{E4CC4D5C-4FA2-4A64-BE79-48615DFA4ED2}.Release|Any CPU.Build.0 = Release|Any CPU
		{623CCB47-C2FF-4C0D-BE9A-C41FC8F4DF0E}.Debug|Any CPU.ActiveCfg = Debug|Any CPU
		{623CCB47-C2FF-4C0D-BE9A-C41FC8F4DF0E}.Debug|Any CPU.Build.0 = Debug|Any CPU
		{623CCB47-C2FF-4C0D-BE9A-C41FC8F4DF0E}.Release|Any CPU.ActiveCfg = Release|Any CPU
		{623CCB47-C2FF-4C0D-BE9A-C41FC8F4DF0E}.Release|Any CPU.Build.0 = Release|Any CPU
	EndGlobalSection
	GlobalSection(SolutionProperties) = preSolution
		HideSolutionNode = FALSE
	EndGlobalSection
	GlobalSection(ExtensibilityGlobals) = postSolution
		SolutionGuid = {018E7BFE-4153-4888-AAB5-765BFB4EB41F}
	EndGlobalSection
EndGlobal
